
Microsoft Visual Studio Solution File, Format Version 12.00
# Visual Studio Version 17
VisualStudioVersion = 17.9.34723.18
MinimumVisualStudioVersion = 10.0.40219.1
Project("{FAE04EC0-301F-11D3-BF4B-00C04F79EFBC}") = "CandidatesManagement.Api", "CandidatesManagement.Api\CandidatesManagement.Api.csproj", "{CC428AF3-8715-471B-97D9-DBF45D3E29ED}"
EndProject
Project("{FAE04EC0-301F-11D3-BF4B-00C04F79EFBC}") = "CandidatesManagement.Core", "CandidatesManagement.Core\CandidatesManagement.Core.csproj", "{CEA174F0-F4D6-442D-B21A-0C2391FC8282}"
EndProject
Project("{FAE04EC0-301F-11D3-BF4B-00C04F79EFBC}") = "CandidatesManagement.Application", "CandidatesManagement.Application\CandidatesManagement.Application.csproj", "{8522357F-BED3-4B25-BC9A-094DAAA5131E}"
EndProject
Project("{FAE04EC0-301F-11D3-BF4B-00C04F79EFBC}") = "CandidatesManagement.Persistence.Sql", "CandidatesManagement.Persistence.Sql\CandidatesManagement.Persistence.Sql.csproj", "{575A3AB8-C365-4B11-BE86-29EDACF9B83E}"
EndProject
Project("{FAE04EC0-301F-11D3-BF4B-00C04F79EFBC}") = "CandidatesManagement.UnitTests", "CandidatesManagement.UnitTests\CandidatesManagement.UnitTests.csproj", "{50FA3333-57AA-4911-847B-16BB94C8E6DC}"
EndProject
Project("{FAE04EC0-301F-11D3-BF4B-00C04F79EFBC}") = "CandidatesManagement.Infrastructure", "CandidatesManagement.Infrastructure\CandidatesManagement.Infrastructure.csproj", "{33B0D4E5-6241-459B-B884-6114187ED632}"
EndProject
Global
	GlobalSection(SolutionConfigurationPlatforms) = preSolution
		Debug|Any CPU = Debug|Any CPU
		Release|Any CPU = Release|Any CPU
	EndGlobalSection
	GlobalSection(ProjectConfigurationPlatforms) = postSolution
		{CC428AF3-8715-471B-97D9-DBF45D3E29ED}.Debug|Any CPU.ActiveCfg = Debug|Any CPU
		{CC428AF3-8715-471B-97D9-DBF45D3E29ED}.Debug|Any CPU.Build.0 = Debug|Any CPU
		{CC428AF3-8715-471B-97D9-DBF45D3E29ED}.Release|Any CPU.ActiveCfg = Release|Any CPU
		{CC428AF3-8715-471B-97D9-DBF45D3E29ED}.Release|Any CPU.Build.0 = Release|Any CPU
		{CEA174F0-F4D6-442D-B21A-0C2391FC8282}.Debug|Any CPU.ActiveCfg = Debug|Any CPU
		{CEA174F0-F4D6-442D-B21A-0C2391FC8282}.Debug|Any CPU.Build.0 = Debug|Any CPU
		{CEA174F0-F4D6-442D-B21A-0C2391FC8282}.Release|Any CPU.ActiveCfg = Release|Any CPU
		{CEA174F0-F4D6-442D-B21A-0C2391FC8282}.Release|Any CPU.Build.0 = Release|Any CPU
		{8522357F-BED3-4B25-BC9A-094DAAA5131E}.Debug|Any CPU.ActiveCfg = Debug|Any CPU
		{8522357F-BED3-4B25-BC9A-094DAAA5131E}.Debug|Any CPU.Build.0 = Debug|Any CPU
		{8522357F-BED3-4B25-BC9A-094DAAA5131E}.Release|Any CPU.ActiveCfg = Release|Any CPU
		{8522357F-BED3-4B25-BC9A-094DAAA5131E}.Release|Any CPU.Build.0 = Release|Any CPU
		{575A3AB8-C365-4B11-BE86-29EDACF9B83E}.Debug|Any CPU.ActiveCfg = Debug|Any CPU
		{575A3AB8-C365-4B11-BE86-29EDACF9B83E}.Debug|Any CPU.Build.0 = Debug|Any CPU
		{575A3AB8-C365-4B11-BE86-29EDACF9B83E}.Release|Any CPU.ActiveCfg = Release|Any CPU
		{575A3AB8-C365-4B11-BE86-29EDACF9B83E}.Release|Any CPU.Build.0 = Release|Any CPU
		{50FA3333-57AA-4911-847B-16BB94C8E6DC}.Debug|Any CPU.ActiveCfg = Debug|Any CPU
		{50FA3333-57AA-4911-847B-16BB94C8E6DC}.Debug|Any CPU.Build.0 = Debug|Any CPU
		{50FA3333-57AA-4911-847B-16BB94C8E6DC}.Release|Any CPU.ActiveCfg = Release|Any CPU
		{50FA3333-57AA-4911-847B-16BB94C8E6DC}.Release|Any CPU.Build.0 = Release|Any CPU
		{33B0D4E5-6241-459B-B884-6114187ED632}.Debug|Any CPU.ActiveCfg = Debug|Any CPU
		{33B0D4E5-6241-459B-B884-6114187ED632}.Debug|Any CPU.Build.0 = Debug|Any CPU
		{33B0D4E5-6241-459B-B884-6114187ED632}.Release|Any CPU.ActiveCfg = Release|Any CPU
		{33B0D4E5-6241-459B-B884-6114187ED632}.Release|Any CPU.Build.0 = Release|Any CPU
	EndGlobalSection
	GlobalSection(SolutionProperties) = preSolution
		HideSolutionNode = FALSE
	EndGlobalSection
	GlobalSection(ExtensibilityGlobals) = postSolution
		SolutionGuid = {042763C0-AF98-47A0-BD6A-2D4887ADF7E7}
	EndGlobalSection
EndGlobal
