
Microsoft Visual Studio Solution File, Format Version 12.00
# Visual Studio Version 17
VisualStudioVersion = 17.9.34723.18
MinimumVisualStudioVersion = 10.0.40219.1
Project("{FAE04EC0-301F-11D3-BF4B-00C04F79EFBC}") = "CandidatesManagement.Api", "CandidatesManagement.Api\CandidatesManagement.Api.csproj", "{CC428AF3-8715-471B-97D9-DBF45D3E29ED}"
EndProject
Global
	GlobalSection(SolutionConfigurationPlatforms) = preSolution
		Debug|Any CPU = Debug|Any CPU
		Release|Any CPU = Release|Any CPU
	EndGlobalSection
	GlobalSection(ProjectConfigurationPlatforms) = postSolution
		{CC428AF3-8715-471B-97D9-DBF45D3E29ED}.Debug|Any CPU.ActiveCfg = Debug|Any CPU
		{CC428AF3-8715-471B-97D9-DBF45D3E29ED}.Debug|Any CPU.Build.0 = Debug|Any CPU
		{CC428AF3-8715-471B-97D9-DBF45D3E29ED}.Release|Any CPU.ActiveCfg = Release|Any CPU
		{CC428AF3-8715-471B-97D9-DBF45D3E29ED}.Release|Any CPU.Build.0 = Release|Any CPU
	EndGlobalSection
	GlobalSection(SolutionProperties) = preSolution
		HideSolutionNode = FALSE
	EndGlobalSection
	GlobalSection(ExtensibilityGlobals) = postSolution
		SolutionGuid = {042763C0-AF98-47A0-BD6A-2D4887ADF7E7}
	EndGlobalSection
EndGlobal
